
Microsoft Visual Studio Solution File, Format Version 12.00
# Visual Studio Version 17
VisualStudioVersion = 17.2.32516.85
MinimumVisualStudioVersion = 10.0.40219.1
Project("{FAE04EC0-301F-11D3-BF4B-00C04F79EFBC}") = "MVC Agenda2", "MVC Agenda2\MVC Agenda2.csproj", "{E2008692-2FF7-4EE0-B495-054054FCFFB8}"
EndProject
Global
	GlobalSection(SolutionConfigurationPlatforms) = preSolution
		Debug|Any CPU = Debug|Any CPU
		Release|Any CPU = Release|Any CPU
	EndGlobalSection
	GlobalSection(ProjectConfigurationPlatforms) = postSolution
		{E2008692-2FF7-4EE0-B495-054054FCFFB8}.Debug|Any CPU.ActiveCfg = Debug|Any CPU
		{E2008692-2FF7-4EE0-B495-054054FCFFB8}.Debug|Any CPU.Build.0 = Debug|Any CPU
		{E2008692-2FF7-4EE0-B495-054054FCFFB8}.Release|Any CPU.ActiveCfg = Release|Any CPU
		{E2008692-2FF7-4EE0-B495-054054FCFFB8}.Release|Any CPU.Build.0 = Release|Any CPU
	EndGlobalSection
	GlobalSection(SolutionProperties) = preSolution
		HideSolutionNode = FALSE
	EndGlobalSection
	GlobalSection(ExtensibilityGlobals) = postSolution
		SolutionGuid = {816F3BA4-2FD3-42F3-8D99-EFE2A9B512EC}
	EndGlobalSection
EndGlobal
